# THIS IS AN AUTOGENERATED FILE. DO NOT EDIT THIS FILE DIRECTLY.
# yarn lockfile v1


tslib@^2.0.0:
  version "2.0.0"
  resolved "https://registry.npmjs.org/tslib/-/tslib-2.0.0.tgz#18d13fc2dce04051e20f074cc8387fd8089ce4f3"
  integrity sha512-lTqkx847PI7xEDYJntxZH89L2/aXInsyF2luSafe/+0fHOMjlBNXdH6th7f70qxLDhul7KZK0zC8V5ZIyHl0/g==

typescript@^3.9.2:
  version "3.9.2"
  resolved "https://registry.npmjs.org/typescript/-/typescript-3.9.2.tgz#64e9c8e9be6ea583c54607677dd4680a1cf35db9"
  integrity sha512-q2ktq4n/uLuNNShyayit+DTobV2ApPEo/6so68JaD5ojvc/6GClBipedB9zNWYxRSAlZXAe405Rlijzl6qDiSw==
